{
  "version": 4,
  "terraform_version": "1.11.3",
  "serial": 79,
  "lineage": "e2137bca-bdc2-08e4-f86c-e137e7292b59",
  "outputs": {},
  "resources": [
    {
      "module": "module.tables",
      "mode": "managed",
      "type": "aws_glue_catalog_database",
      "name": "walteraraujo_database_sor",
      "provider": "provider[\"registry.terraform.io/hashicorp/aws\"]",
      "instances": [
        {
          "schema_version": 0,
          "attributes": {
            "arn": "arn:aws:glue:us-east-2:471112636571:database/walter_araujo_database_sor",
            "catalog_id": "471112636571",
            "create_table_default_permission": [
              {
                "permissions": [
                  "ALL"
                ],
                "principal": [
                  {
                    "data_lake_principal_identifier": "IAM_ALLOWED_PRINCIPALS"
                  }
                ]
              }
            ],
            "description": "",
            "federated_database": [],
            "id": "471112636571:walter_araujo_database_sor",
            "location_uri": "",
            "name": "walter_araujo_database_sor",
            "parameters": {},
            "tags": {},
            "tags_all": {},
            "target_database": []
          },
          "sensitive_attributes": [],
          "private": "bnVsbA==",
          "dependencies": [
            "module.tables.aws_s3_bucket.bucket_exemplo"
          ]
        }
      ]
    },
    {
      "module": "module.tables",
      "mode": "managed",
      "type": "aws_glue_catalog_database",
      "name": "walteraraujo_database_sot",
      "provider": "provider[\"registry.terraform.io/hashicorp/aws\"]",
      "instances": [
        {
          "schema_version": 0,
          "attributes": {
            "arn": "arn:aws:glue:us-east-2:471112636571:database/walter_araujo_database_sot",
            "catalog_id": "471112636571",
            "create_table_default_permission": [
              {
                "permissions": [
                  "ALL"
                ],
                "principal": [
                  {
                    "data_lake_principal_identifier": "IAM_ALLOWED_PRINCIPALS"
                  }
                ]
              }
            ],
            "description": "",
            "federated_database": [],
            "id": "471112636571:walter_araujo_database_sot",
            "location_uri": "",
            "name": "walter_araujo_database_sot",
            "parameters": {},
            "tags": {},
            "tags_all": {},
            "target_database": []
          },
          "sensitive_attributes": [],
          "private": "bnVsbA==",
          "dependencies": [
            "module.tables.aws_s3_bucket.bucket_exemplo_sot"
          ]
        }
      ]
    },
    {
      "module": "module.tables",
      "mode": "managed",
      "type": "aws_glue_catalog_table",
      "name": "interest_rate_table",
      "provider": "provider[\"registry.terraform.io/hashicorp/aws\"]",
      "instances": [
        {
          "schema_version": 0,
          "attributes": {
            "arn": "arn:aws:glue:us-east-2:471112636571:table/walter_araujo_database_sor/interest_rate",
            "catalog_id": "471112636571",
            "database_name": "walter_araujo_database_sor",
            "description": "",
            "id": "471112636571:walter_araujo_database_sor:interest_rate",
            "name": "interest_rate",
            "open_table_format_input": [],
            "owner": "",
            "parameters": {},
            "partition_index": [],
            "partition_keys": [
              {
                "comment": "",
                "name": "data_ingestao",
                "type": "string"
              }
            ],
            "retention": 0,
            "storage_descriptor": [
              {
                "additional_locations": [],
                "bucket_columns": [],
                "columns": [
                  {
                    "comment": "",
                    "name": "data_referencia",
                    "parameters": {},
                    "type": "string"
                  },
                  {
                    "comment": "",
                    "name": "porcentagem",
                    "parameters": {},
                    "type": "string"
                  }
                ],
                "compressed": false,
                "input_format": "org.apache.hadoop.hive.ql.io.parquet.MapredParquetInputFormat",
                "location": "s3://walter-araujo-bucket-exemplo/interest_rate",
                "number_of_buckets": 0,
                "output_format": "org.apache.hadoop.hive.ql.io.parquet.MapredParquetOutputFormat",
                "parameters": {},
                "schema_reference": [],
                "ser_de_info": [
                  {
                    "name": "",
                    "parameters": {},
                    "serialization_library": "org.apache.hadoop.hive.ql.io.parquet.serde.ParquetHiveSerDe"
                  }
                ],
                "skewed_info": [],
                "sort_columns": [],
                "stored_as_sub_directories": false
              }
            ],
            "table_type": "EXTERNAL_TABLE",
            "target_table": [],
            "view_expanded_text": "",
            "view_original_text": ""
          },
          "sensitive_attributes": [],
          "private": "bnVsbA==",
          "dependencies": [
            "module.tables.aws_glue_catalog_database.walteraraujo_database_sor",
            "module.tables.aws_s3_bucket.bucket_exemplo"
          ]
        }
      ]
    },
    {
      "module": "module.tables",
      "mode": "managed",
      "type": "aws_glue_catalog_table",
      "name": "tb_categorias",
      "provider": "provider[\"registry.terraform.io/hashicorp/aws\"]",
      "instances": [
        {
          "schema_version": 0,
          "attributes": {
            "arn": "arn:aws:glue:us-east-2:471112636571:table/walter_araujo_database_sor/categorias",
            "catalog_id": "471112636571",
            "database_name": "walter_araujo_database_sor",
            "description": "",
            "id": "471112636571:walter_araujo_database_sor:categorias",
            "name": "categorias",
            "open_table_format_input": [],
            "owner": "",
            "parameters": {
              "classification": "parquet",
              "compressionType": "snappy"
            },
            "partition_index": [],
            "partition_keys": [
              {
                "comment": "",
                "name": "data_ingestao",
                "type": "string"
              }
            ],
            "retention": 0,
            "storage_descriptor": [
              {
                "additional_locations": [],
                "bucket_columns": [],
                "columns": [
                  {
                    "comment": "",
                    "name": "id",
                    "parameters": {},
                    "type": "int"
                  },
                  {
                    "comment": "",
                    "name": "nome",
                    "parameters": {},
                    "type": "string"
                  },
                  {
                    "comment": "",
                    "name": "tipo",
                    "parameters": {},
                    "type": "string"
                  }
                ],
                "compressed": false,
                "input_format": "org.apache.hadoop.hive.ql.io.parquet.MapredParquetInputFormat",
                "location": "s3://walter-araujo-bucket-exemplo/categorias",
                "number_of_buckets": 0,
                "output_format": "org.apache.hadoop.hive.ql.io.parquet.MapredParquetOutputFormat",
                "parameters": {},
                "schema_reference": [],
                "ser_de_info": [
                  {
                    "name": "",
                    "parameters": {},
                    "serialization_library": "org.apache.hadoop.hive.ql.io.parquet.serde.ParquetHiveSerDe"
                  }
                ],
                "skewed_info": [],
                "sort_columns": [],
                "stored_as_sub_directories": false
              }
            ],
            "table_type": "EXTERNAL_TABLE",
            "target_table": [],
            "view_expanded_text": "",
            "view_original_text": ""
          },
          "sensitive_attributes": [],
          "private": "bnVsbA==",
          "dependencies": [
            "module.tables.aws_glue_catalog_database.walteraraujo_database_sor",
            "module.tables.aws_s3_bucket.bucket_exemplo"
          ]
        }
      ]
    },
    {
      "module": "module.tables",
      "mode": "managed",
      "type": "aws_glue_catalog_table",
      "name": "tb_contas",
      "provider": "provider[\"registry.terraform.io/hashicorp/aws\"]",
      "instances": [
        {
          "schema_version": 0,
          "attributes": {
            "arn": "arn:aws:glue:us-east-2:471112636571:table/walter_araujo_database_sor/contas",
            "catalog_id": "471112636571",
            "database_name": "walter_araujo_database_sor",
            "description": "",
            "id": "471112636571:walter_araujo_database_sor:contas",
            "name": "contas",
            "open_table_format_input": [],
            "owner": "",
            "parameters": {
              "classification": "parquet",
              "compressionType": "snappy"
            },
            "partition_index": [],
            "partition_keys": [
              {
                "comment": "",
                "name": "data_ingestao",
                "type": "string"
              }
            ],
            "retention": 0,
            "storage_descriptor": [
              {
                "additional_locations": [],
                "bucket_columns": [],
                "columns": [
                  {
                    "comment": "",
                    "name": "id",
                    "parameters": {},
                    "type": "int"
                  },
                  {
                    "comment": "",
                    "name": "nome",
                    "parameters": {},
                    "type": "string"
                  },
                  {
                    "comment": "",
                    "name": "descricao",
                    "parameters": {},
                    "type": "string"
                  }
                ],
                "compressed": false,
                "input_format": "org.apache.hadoop.hive.ql.io.parquet.MapredParquetInputFormat",
                "location": "s3://walter-araujo-bucket-exemplo/contas",
                "number_of_buckets": 0,
                "output_format": "org.apache.hadoop.hive.ql.io.parquet.MapredParquetOutputFormat",
                "parameters": {},
                "schema_reference": [],
                "ser_de_info": [
                  {
                    "name": "",
                    "parameters": {},
                    "serialization_library": "org.apache.hadoop.hive.ql.io.parquet.serde.ParquetHiveSerDe"
                  }
                ],
                "skewed_info": [],
                "sort_columns": [],
                "stored_as_sub_directories": false
              }
            ],
            "table_type": "EXTERNAL_TABLE",
            "target_table": [],
            "view_expanded_text": "",
            "view_original_text": ""
          },
          "sensitive_attributes": [],
          "private": "bnVsbA==",
          "dependencies": [
            "module.tables.aws_glue_catalog_database.walteraraujo_database_sor",
            "module.tables.aws_s3_bucket.bucket_exemplo"
          ]
        }
      ]
    },
    {
      "module": "module.tables",
      "mode": "managed",
      "type": "aws_glue_catalog_table",
      "name": "tb_sot_financeira",
      "provider": "provider[\"registry.terraform.io/hashicorp/aws\"]",
      "instances": [
        {
          "schema_version": 0,
          "attributes": {
            "arn": "arn:aws:glue:us-east-2:471112636571:table/walter_araujo_database_sot/sot_financeira",
            "catalog_id": "471112636571",
            "database_name": "walter_araujo_database_sot",
            "description": "",
            "id": "471112636571:walter_araujo_database_sot:sot_financeira",
            "name": "sot_financeira",
            "open_table_format_input": [],
            "owner": "",
            "parameters": {
              "classification": "parquet",
              "compressionType": "snappy"
            },
            "partition_index": null,
            "partition_keys": [
              {
                "comment": "",
                "name": "data_ingestao",
                "type": "string"
              }
            ],
            "retention": 0,
            "storage_descriptor": [
              {
                "additional_locations": null,
                "bucket_columns": null,
                "columns": [
                  {
                    "comment": "",
                    "name": "identificador_unico",
                    "parameters": null,
                    "type": "string"
                  },
                  {
                    "comment": "",
                    "name": "transacao_id",
                    "parameters": null,
                    "type": "int"
                  },
                  {
                    "comment": "",
                    "name": "conta_id",
                    "parameters": null,
                    "type": "int"
                  },
                  {
                    "comment": "",
                    "name": "categoria_id",
                    "parameters": null,
                    "type": "int"
                  },
                  {
                    "comment": "",
                    "name": "transacao_data",
                    "parameters": null,
                    "type": "timestamp"
                  },
                  {
                    "comment": "",
                    "name": "transacao_ano",
                    "parameters": null,
                    "type": "int"
                  },
                  {
                    "comment": "",
                    "name": "transacao_mes",
                    "parameters": null,
                    "type": "int"
                  },
                  {
                    "comment": "",
                    "name": "transacao_dia",
                    "parameters": null,
                    "type": "int"
                  },
                  {
                    "comment": "",
                    "name": "transacao_descricao",
                    "parameters": null,
                    "type": "string"
                  },
                  {
                    "comment": "",
                    "name": "transacao_valor",
                    "parameters": null,
                    "type": "string"
                  },
                  {
                    "comment": "",
                    "name": "transacao_data_criacao",
                    "parameters": null,
                    "type": "string"
                  },
                  {
                    "comment": "",
                    "name": "conta_nome",
                    "parameters": null,
                    "type": "string"
                  },
                  {
                    "comment": "",
                    "name": "conta_descricao",
                    "parameters": null,
                    "type": "string"
                  },
                  {
                    "comment": "",
                    "name": "categoria_nome",
                    "parameters": null,
                    "type": "string"
                  },
                  {
                    "comment": "",
                    "name": "categoria_tipo",
                    "parameters": null,
                    "type": "string"
                  },
                  {
                    "comment": "",
                    "name": "taxa_juros_referencia",
                    "parameters": null,
                    "type": "string"
                  },
                  {
                    "comment": "",
                    "name": "taxa_juros_porcentagem",
                    "parameters": null,
                    "type": "string"
                  }
                ],
                "compressed": false,
                "input_format": "org.apache.hadoop.hive.ql.io.parquet.MapredParquetInputFormat",
                "location": "s3://walter-araujo-bucket-exemplo-sot/sot_financeira",
                "number_of_buckets": 0,
                "output_format": "org.apache.hadoop.hive.ql.io.parquet.MapredParquetOutputFormat",
                "parameters": null,
                "schema_reference": [],
                "ser_de_info": [
                  {
                    "name": "",
                    "parameters": null,
                    "serialization_library": "org.apache.hadoop.hive.ql.io.parquet.serde.ParquetHiveSerDe"
                  }
                ],
                "skewed_info": [],
                "sort_columns": [],
                "stored_as_sub_directories": false
              }
            ],
            "table_type": "EXTERNAL_TABLE",
            "target_table": [],
            "view_expanded_text": "",
            "view_original_text": ""
          },
          "sensitive_attributes": [],
          "private": "bnVsbA==",
          "dependencies": [
            "module.tables.aws_glue_catalog_database.walteraraujo_database_sot",
            "module.tables.aws_s3_bucket.bucket_exemplo_sot"
          ]
        }
      ]
    },
    {
      "module": "module.tables",
      "mode": "managed",
      "type": "aws_glue_catalog_table",
      "name": "tb_transacoes",
      "provider": "provider[\"registry.terraform.io/hashicorp/aws\"]",
      "instances": [
        {
          "schema_version": 0,
          "attributes": {
            "arn": "arn:aws:glue:us-east-2:471112636571:table/walter_araujo_database_sor/transacoes",
            "catalog_id": "471112636571",
            "database_name": "walter_araujo_database_sor",
            "description": "",
            "id": "471112636571:walter_araujo_database_sor:transacoes",
            "name": "transacoes",
            "open_table_format_input": [],
            "owner": "",
            "parameters": {
              "classification": "parquet",
              "compressionType": "snappy"
            },
            "partition_index": [],
            "partition_keys": [
              {
                "comment": "",
                "name": "data_ingestao",
                "type": "string"
              }
            ],
            "retention": 0,
            "storage_descriptor": [
              {
                "additional_locations": [],
                "bucket_columns": [],
                "columns": [
                  {
                    "comment": "",
                    "name": "id",
                    "parameters": {},
                    "type": "int"
                  },
                  {
                    "comment": "",
                    "name": "conta_id",
                    "parameters": {},
                    "type": "int"
                  },
                  {
                    "comment": "",
                    "name": "categoria_id",
                    "parameters": {},
                    "type": "int"
                  },
                  {
                    "comment": "",
                    "name": "data",
                    "parameters": {},
                    "type": "string"
                  },
                  {
                    "comment": "",
                    "name": "descricao",
                    "parameters": {},
                    "type": "string"
                  },
                  {
                    "comment": "",
                    "name": "valor",
                    "parameters": {},
                    "type": "string"
                  },
                  {
                    "comment": "",
                    "name": "data_criacao",
                    "parameters": {},
                    "type": "string"
                  }
                ],
                "compressed": false,
                "input_format": "org.apache.hadoop.hive.ql.io.parquet.MapredParquetInputFormat",
                "location": "s3://walter-araujo-bucket-exemplo/transacoes",
                "number_of_buckets": 0,
                "output_format": "org.apache.hadoop.hive.ql.io.parquet.MapredParquetOutputFormat",
                "parameters": {},
                "schema_reference": [],
                "ser_de_info": [
                  {
                    "name": "",
                    "parameters": {},
                    "serialization_library": "org.apache.hadoop.hive.ql.io.parquet.serde.ParquetHiveSerDe"
                  }
                ],
                "skewed_info": [],
                "sort_columns": [],
                "stored_as_sub_directories": false
              }
            ],
            "table_type": "EXTERNAL_TABLE",
            "target_table": [],
            "view_expanded_text": "",
            "view_original_text": ""
          },
          "sensitive_attributes": [],
          "private": "bnVsbA==",
          "dependencies": [
            "module.tables.aws_glue_catalog_database.walteraraujo_database_sor",
            "module.tables.aws_s3_bucket.bucket_exemplo"
          ]
        }
      ]
    },
    {
      "module": "module.tables",
      "mode": "managed",
      "type": "aws_s3_bucket",
      "name": "bucket_exemplo",
      "provider": "provider[\"registry.terraform.io/hashicorp/aws\"]",
      "instances": [
        {
          "schema_version": 0,
          "attributes": {
            "acceleration_status": "",
            "acl": null,
            "arn": "arn:aws:s3:::walter-araujo-bucket-exemplo",
            "bucket": "walter-araujo-bucket-exemplo",
            "bucket_domain_name": "walter-araujo-bucket-exemplo.s3.amazonaws.com",
            "bucket_prefix": "",
            "bucket_regional_domain_name": "walter-araujo-bucket-exemplo.s3.us-east-2.amazonaws.com",
            "cors_rule": [],
            "force_destroy": false,
            "grant": [
              {
                "id": "10a7da646f1ec2874a73c0300f7694b4a0058b840a1dd849ebb7584f9bbb1760",
                "permissions": [
                  "FULL_CONTROL"
                ],
                "type": "CanonicalUser",
                "uri": ""
              }
            ],
            "hosted_zone_id": "Z2O1EMRO9K5GLX",
            "id": "walter-araujo-bucket-exemplo",
            "lifecycle_rule": [],
            "logging": [],
            "object_lock_configuration": [],
            "object_lock_enabled": false,
            "policy": "",
            "region": "us-east-2",
            "replication_configuration": [],
            "request_payer": "BucketOwner",
            "server_side_encryption_configuration": [
              {
                "rule": [
                  {
                    "apply_server_side_encryption_by_default": [
                      {
                        "kms_master_key_id": "",
                        "sse_algorithm": "AES256"
                      }
                    ],
                    "bucket_key_enabled": false
                  }
                ]
              }
            ],
            "tags": {},
            "tags_all": {},
            "timeouts": null,
            "versioning": [
              {
                "enabled": false,
                "mfa_delete": false
              }
            ],
            "website": [],
            "website_domain": null,
            "website_endpoint": null
          },
          "sensitive_attributes": [],
          "private": "eyJlMmJmYjczMC1lY2FhLTExZTYtOGY4OC0zNDM2M2JjN2M0YzAiOnsiY3JlYXRlIjoxMjAwMDAwMDAwMDAwLCJkZWxldGUiOjM2MDAwMDAwMDAwMDAsInJlYWQiOjEyMDAwMDAwMDAwMDAsInVwZGF0ZSI6MTIwMDAwMDAwMDAwMH19"
        }
      ]
    },
    {
      "module": "module.tables",
      "mode": "managed",
      "type": "aws_s3_bucket",
      "name": "bucket_exemplo_sot",
      "provider": "provider[\"registry.terraform.io/hashicorp/aws\"]",
      "instances": [
        {
          "schema_version": 0,
          "attributes": {
            "acceleration_status": "",
            "acl": null,
            "arn": "arn:aws:s3:::walter-araujo-bucket-exemplo-sot",
            "bucket": "walter-araujo-bucket-exemplo-sot",
            "bucket_domain_name": "walter-araujo-bucket-exemplo-sot.s3.amazonaws.com",
            "bucket_prefix": "",
            "bucket_regional_domain_name": "walter-araujo-bucket-exemplo-sot.s3.us-east-2.amazonaws.com",
            "cors_rule": [],
            "force_destroy": false,
            "grant": [
              {
                "id": "10a7da646f1ec2874a73c0300f7694b4a0058b840a1dd849ebb7584f9bbb1760",
                "permissions": [
                  "FULL_CONTROL"
                ],
                "type": "CanonicalUser",
                "uri": ""
              }
            ],
            "hosted_zone_id": "Z2O1EMRO9K5GLX",
            "id": "walter-araujo-bucket-exemplo-sot",
            "lifecycle_rule": [],
            "logging": [],
            "object_lock_configuration": [],
            "object_lock_enabled": false,
            "policy": "",
            "region": "us-east-2",
            "replication_configuration": [],
            "request_payer": "BucketOwner",
            "server_side_encryption_configuration": [
              {
                "rule": [
                  {
                    "apply_server_side_encryption_by_default": [
                      {
                        "kms_master_key_id": "",
                        "sse_algorithm": "AES256"
                      }
                    ],
                    "bucket_key_enabled": false
                  }
                ]
              }
            ],
            "tags": {},
            "tags_all": {},
            "timeouts": null,
            "versioning": [
              {
                "enabled": false,
                "mfa_delete": false
              }
            ],
            "website": [],
            "website_domain": null,
            "website_endpoint": null
          },
          "sensitive_attributes": [],
          "private": "eyJlMmJmYjczMC1lY2FhLTExZTYtOGY4OC0zNDM2M2JjN2M0YzAiOnsiY3JlYXRlIjoxMjAwMDAwMDAwMDAwLCJkZWxldGUiOjM2MDAwMDAwMDAwMDAsInJlYWQiOjEyMDAwMDAwMDAwMDAsInVwZGF0ZSI6MTIwMDAwMDAwMDAwMH19"
        }
      ]
    }
  ],
  "check_results": null
}
