{
  "version": 4,
  "terraform_version": "1.11.3",
  "serial": 110,
  "lineage": "e2137bca-bdc2-08e4-f86c-e137e7292b59",
  "outputs": {},
  "resources": [
    {
      "module": "module.glue_job",
      "mode": "managed",
      "type": "aws_glue_job",
      "name": "glue_job_shell",
      "provider": "provider[\"registry.terraform.io/hashicorp/aws\"]",
      "instances": [
        {
          "schema_version": 0,
          "attributes": {
            "arn": "arn:aws:glue:us-east-2:471112636571:job/walter.araujo.glue_job_shell",
            "command": [
              {
                "name": "pythonshell",
                "python_version": "3",
                "runtime": "",
                "script_location": "s3://walter-araujo-bucket-source-code/etl_sor/ingestao_s3.py"
              }
            ],
            "connections": null,
            "default_arguments": null,
            "description": "",
            "execution_class": "",
            "execution_property": [
              {
                "max_concurrent_runs": 1
              }
            ],
            "glue_version": "",
            "id": "walter.araujo.glue_job_shell",
            "job_run_queuing_enabled": false,
            "maintenance_window": "",
            "max_capacity": 1,
            "max_retries": 0,
            "name": "walter.araujo.glue_job_shell",
            "non_overridable_arguments": null,
            "notification_property": [],
            "number_of_workers": 0,
            "role_arn": "arn:aws:iam::471112636571:role/guilherme.magalhaes-role-glue",
            "security_configuration": "",
            "source_control_details": [],
            "tags": null,
            "tags_all": {},
            "timeout": 2880,
            "worker_type": ""
          },
          "sensitive_attributes": [],
          "private": "bnVsbA==",
          "dependencies": [
            "module.glue_job.aws_s3_bucket.bucket_source_code"
          ]
        }
      ]
    },
    {
      "module": "module.glue_job",
      "mode": "managed",
      "type": "aws_glue_job",
      "name": "glue_job_spark",
      "provider": "provider[\"registry.terraform.io/hashicorp/aws\"]",
      "instances": [
        {
          "schema_version": 0,
          "attributes": {
            "arn": "arn:aws:glue:us-east-2:471112636571:job/walter.araujo.glue_job_spark",
            "command": [
              {
                "name": "glueetl",
                "python_version": "3",
                "runtime": "",
                "script_location": "s3://walter-araujo-bucket-source-code/etl_sor/main.py"
              }
            ],
            "connections": [],
            "default_arguments": {},
            "description": "",
            "execution_class": "",
            "execution_property": [
              {
                "max_concurrent_runs": 1
              }
            ],
            "glue_version": "2.0",
            "id": "walter.araujo.glue_job_spark",
            "job_run_queuing_enabled": false,
            "maintenance_window": "",
            "max_capacity": 2,
            "max_retries": 0,
            "name": "walter.araujo.glue_job_spark",
            "non_overridable_arguments": {},
            "notification_property": [],
            "number_of_workers": 2,
            "role_arn": "arn:aws:iam::471112636571:role/guilherme.magalhaes-role-glue",
            "security_configuration": "",
            "source_control_details": [],
            "tags": {},
            "tags_all": {},
            "timeout": 2880,
            "worker_type": "G.1X"
          },
          "sensitive_attributes": [],
          "private": "bnVsbA==",
          "dependencies": [
            "module.glue_job.aws_s3_bucket.bucket_source_code"
          ]
        }
      ]
    },
    {
      "module": "module.glue_job",
      "mode": "managed",
      "type": "aws_s3_bucket",
      "name": "bucket_source_code",
      "provider": "provider[\"registry.terraform.io/hashicorp/aws\"]",
      "instances": [
        {
          "schema_version": 0,
          "attributes": {
            "acceleration_status": "",
            "acl": null,
            "arn": "arn:aws:s3:::walter-araujo-bucket-source-code",
            "bucket": "walter-araujo-bucket-source-code",
            "bucket_domain_name": "walter-araujo-bucket-source-code.s3.amazonaws.com",
            "bucket_prefix": "",
            "bucket_regional_domain_name": "walter-araujo-bucket-source-code.s3.us-east-2.amazonaws.com",
            "cors_rule": [],
            "force_destroy": false,
            "grant": [
              {
                "id": "10a7da646f1ec2874a73c0300f7694b4a0058b840a1dd849ebb7584f9bbb1760",
                "permissions": [
                  "FULL_CONTROL"
                ],
                "type": "CanonicalUser",
                "uri": ""
              }
            ],
            "hosted_zone_id": "Z2O1EMRO9K5GLX",
            "id": "walter-araujo-bucket-source-code",
            "lifecycle_rule": [],
            "logging": [],
            "object_lock_configuration": [],
            "object_lock_enabled": false,
            "policy": "",
            "region": "us-east-2",
            "replication_configuration": [],
            "request_payer": "BucketOwner",
            "server_side_encryption_configuration": [
              {
                "rule": [
                  {
                    "apply_server_side_encryption_by_default": [
                      {
                        "kms_master_key_id": "",
                        "sse_algorithm": "AES256"
                      }
                    ],
                    "bucket_key_enabled": false
                  }
                ]
              }
            ],
            "tags": {},
            "tags_all": {},
            "timeouts": null,
            "versioning": [
              {
                "enabled": false,
                "mfa_delete": false
              }
            ],
            "website": [],
            "website_domain": null,
            "website_endpoint": null
          },
          "sensitive_attributes": [],
          "private": "eyJlMmJmYjczMC1lY2FhLTExZTYtOGY4OC0zNDM2M2JjN2M0YzAiOnsiY3JlYXRlIjoxMjAwMDAwMDAwMDAwLCJkZWxldGUiOjM2MDAwMDAwMDAwMDAsInJlYWQiOjEyMDAwMDAwMDAwMDAsInVwZGF0ZSI6MTIwMDAwMDAwMDAwMH19"
        }
      ]
    },
    {
      "module": "module.glue_job",
      "mode": "managed",
      "type": "aws_s3_bucket_object",
      "name": "glue_job_ingestao_s3",
      "provider": "provider[\"registry.terraform.io/hashicorp/aws\"]",
      "instances": [
        {
          "schema_version": 0,
          "attributes": {
            "acl": "private",
            "arn": "arn:aws:s3:::walter-araujo-bucket-source-code/etl_sor/ingestao_s3.py",
            "bucket": "walter-araujo-bucket-source-code",
            "bucket_key_enabled": false,
            "cache_control": "",
            "content": "import awswrangler as wr\r\nimport pandas as pd\r\nfrom datetime import datetime\r\n\r\nS3_FILE_PATH = \"s3://recepcao-taxa-de-juros/interest_rate.csv\"\r\n\r\nS3_PARQUET_PATH = \"s3://walter-araujo-bucket-exemplo/interest_rate/\"\r\n\r\nDATABASE_NAME = \"walter_araujo_database_sor\"\r\nTABLE_NAME = \"interest_rate\"\r\n\r\ndef main():\r\n    df = wr.s3.read_csv(path=S3_FILE_PATH, dtype=str)\r\n\r\n    df[\"data_ingestao\"] = datetime.now().strftime(\"%Y-%m-%d %H:%M:%S\")\r\n\r\n    wr.s3.to_parquet(\r\n        df=df,\r\n        path=S3_PARQUET_PATH,\r\n        dataset=True,\r\n        mode=\"overwrite\",\r\n        database=DATABASE_NAME,\r\n        table=TABLE_NAME,\r\n        dtype={col: \"string\" for col in df.columns}\r\n    )\r\n\r\nif __name__ == \"__main__\":\r\n    from traceback import format_exc\r\n    try:\r\n        main()\r\n    except Exception:\r\n        print(format_exc())\r\n        exit(1)\r\n",
            "content_base64": null,
            "content_disposition": "",
            "content_encoding": "",
            "content_language": "",
            "content_type": "application/octet-stream",
            "etag": "d2e3c027ec910dfe71ff4b393ddae24e",
            "force_destroy": false,
            "id": "etl_sor/ingestao_s3.py",
            "key": "etl_sor/ingestao_s3.py",
            "kms_key_id": null,
            "metadata": {},
            "object_lock_legal_hold_status": "",
            "object_lock_mode": "",
            "object_lock_retain_until_date": "",
            "server_side_encryption": "AES256",
            "source": null,
            "source_hash": null,
            "storage_class": "STANDARD",
            "tags": {},
            "tags_all": {},
            "version_id": "",
            "website_redirect": ""
          },
          "sensitive_attributes": [],
          "private": "bnVsbA==",
          "dependencies": [
            "module.glue_job.aws_s3_bucket.bucket_source_code"
          ]
        }
      ]
    },
    {
      "module": "module.glue_job",
      "mode": "managed",
      "type": "aws_s3_bucket_object",
      "name": "glue_job_main",
      "provider": "provider[\"registry.terraform.io/hashicorp/aws\"]",
      "instances": [
        {
          "schema_version": 0,
          "attributes": {
            "acl": "private",
            "arn": "arn:aws:s3:::walter-araujo-bucket-source-code/etl_sor/main.py",
            "bucket": "walter-araujo-bucket-source-code",
            "bucket_key_enabled": false,
            "cache_control": "",
            "content": "from pyspark.sql import SparkSession, DataFrame\r\nimport pyspark.sql.functions as F\r\n\r\nDB_CONFIG = {\r\n    \"host\": \"mysql-financial-db.c3imkkke2ssh.us-east-2.rds.amazonaws.com\",\r\n    \"user\": \"admin\",\r\n    \"password\": \"F(VD]Qe8r!BOCg72\",\r\n    \"database\": \"financial_db\"\r\n}\r\n\r\ndef create_spark_session() -\u003e SparkSession:\r\n    return (\r\n        SparkSession\r\n        .builder\r\n        .appName(\"MySQL to DataFrame\")  # type: ignore\r\n        .config(\"hive.exec.dynamic.partition.mode\", \"nonstrict\")\r\n        .config(\"hive.exec.dynamic.partition\", \"true\")\r\n        .config(\"spark.jars.packages\", \"mysql:mysql-connector-java:8.0.32\")\r\n        .master(\"local[*]\")\r\n        .getOrCreate()\r\n    )\r\n\r\ndef read_mysql_table(spark: SparkSession, table_name: str, db_config: dict) -\u003e DataFrame:\r\n    return (\r\n        spark\r\n        .read\r\n        .format(\"jdbc\")\r\n        .option(\"driver\", \"com.mysql.cj.jdbc.Driver\")\r\n        .option(\"url\", f\"jdbc:mysql://{db_config['host']}/{db_config['database']}\")\r\n        .option(\"user\", db_config[\"user\"])\r\n        .option(\"password\", db_config[\"password\"])\r\n        .option(\"dbtable\", table_name)\r\n        .load()\r\n    )\r\n\r\ndef processar_tabela(spark: SparkSession, tabela: str):\r\n    df = read_mysql_table(spark, tabela, DB_CONFIG)\r\n    df = df.withColumn(\"data_ingestao\", F.current_timestamp())\r\n   \r\n    df.write.insertInto(f\"`walter_araujo_database_sor`.`{tabela}`\", overwrite=True)\r\n\r\ndef main():\r\n    spark = create_spark_session()\r\n    tabelas = [\"contas\", \"categorias\", \"transacoes\"]\r\n\r\n    for tabela in tabelas:\r\n        processar_tabela(spark, tabela)\r\n\r\nif __name__ == \"__main__\":\r\n    from traceback import format_exc\r\n    try:\r\n        main()\r\n    except:\r\n        print(format_exc())\r\n        exit(1)\r\n",
            "content_base64": null,
            "content_disposition": "",
            "content_encoding": "",
            "content_language": "",
            "content_type": "application/octet-stream",
            "etag": "ddf60e2687f90a554e024c5868db5ec3",
            "force_destroy": false,
            "id": "etl_sor/main.py",
            "key": "etl_sor/main.py",
            "kms_key_id": null,
            "metadata": {},
            "object_lock_legal_hold_status": "",
            "object_lock_mode": "",
            "object_lock_retain_until_date": "",
            "server_side_encryption": "AES256",
            "source": null,
            "source_hash": null,
            "storage_class": "STANDARD",
            "tags": {},
            "tags_all": {},
            "version_id": "",
            "website_redirect": ""
          },
          "sensitive_attributes": [],
          "private": "bnVsbA==",
          "dependencies": [
            "module.glue_job.aws_s3_bucket.bucket_source_code"
          ]
        }
      ]
    },
    {
      "module": "module.tables",
      "mode": "managed",
      "type": "aws_glue_catalog_database",
      "name": "walteraraujo_database_sor",
      "provider": "provider[\"registry.terraform.io/hashicorp/aws\"]",
      "instances": [
        {
          "schema_version": 0,
          "attributes": {
            "arn": "arn:aws:glue:us-east-2:471112636571:database/walter_araujo_database_sor",
            "catalog_id": "471112636571",
            "create_table_default_permission": [
              {
                "permissions": [
                  "ALL"
                ],
                "principal": [
                  {
                    "data_lake_principal_identifier": "IAM_ALLOWED_PRINCIPALS"
                  }
                ]
              }
            ],
            "description": "",
            "federated_database": [],
            "id": "471112636571:walter_araujo_database_sor",
            "location_uri": "",
            "name": "walter_araujo_database_sor",
            "parameters": {},
            "tags": {},
            "tags_all": {},
            "target_database": []
          },
          "sensitive_attributes": [],
          "private": "bnVsbA==",
          "dependencies": [
            "module.tables.aws_s3_bucket.bucket_exemplo"
          ]
        }
      ]
    },
    {
      "module": "module.tables",
      "mode": "managed",
      "type": "aws_glue_catalog_database",
      "name": "walteraraujo_database_sot",
      "provider": "provider[\"registry.terraform.io/hashicorp/aws\"]",
      "instances": [
        {
          "schema_version": 0,
          "attributes": {
            "arn": "arn:aws:glue:us-east-2:471112636571:database/walter_araujo_database_sot",
            "catalog_id": "471112636571",
            "create_table_default_permission": [
              {
                "permissions": [
                  "ALL"
                ],
                "principal": [
                  {
                    "data_lake_principal_identifier": "IAM_ALLOWED_PRINCIPALS"
                  }
                ]
              }
            ],
            "description": "",
            "federated_database": [],
            "id": "471112636571:walter_araujo_database_sot",
            "location_uri": "",
            "name": "walter_araujo_database_sot",
            "parameters": {},
            "tags": {},
            "tags_all": {},
            "target_database": []
          },
          "sensitive_attributes": [],
          "private": "bnVsbA==",
          "dependencies": [
            "module.tables.aws_s3_bucket.bucket_exemplo_sot"
          ]
        }
      ]
    },
    {
      "module": "module.tables",
      "mode": "managed",
      "type": "aws_glue_catalog_table",
      "name": "interest_rate_table",
      "provider": "provider[\"registry.terraform.io/hashicorp/aws\"]",
      "instances": [
        {
          "schema_version": 0,
          "attributes": {
            "arn": "arn:aws:glue:us-east-2:471112636571:table/walter_araujo_database_sor/interest_rate",
            "catalog_id": "471112636571",
            "database_name": "walter_araujo_database_sor",
            "description": "",
            "id": "471112636571:walter_araujo_database_sor:interest_rate",
            "name": "interest_rate",
            "open_table_format_input": [],
            "owner": "",
            "parameters": {},
            "partition_index": [],
            "partition_keys": [
              {
                "comment": "",
                "name": "data_ingestao",
                "type": "string"
              }
            ],
            "retention": 0,
            "storage_descriptor": [
              {
                "additional_locations": [],
                "bucket_columns": [],
                "columns": [
                  {
                    "comment": "",
                    "name": "data_referencia",
                    "parameters": {},
                    "type": "string"
                  },
                  {
                    "comment": "",
                    "name": "porcentagem",
                    "parameters": {},
                    "type": "string"
                  }
                ],
                "compressed": false,
                "input_format": "org.apache.hadoop.hive.ql.io.parquet.MapredParquetInputFormat",
                "location": "s3://walter-araujo-bucket-exemplo/interest_rate",
                "number_of_buckets": 0,
                "output_format": "org.apache.hadoop.hive.ql.io.parquet.MapredParquetOutputFormat",
                "parameters": {},
                "schema_reference": [],
                "ser_de_info": [
                  {
                    "name": "",
                    "parameters": {},
                    "serialization_library": "org.apache.hadoop.hive.ql.io.parquet.serde.ParquetHiveSerDe"
                  }
                ],
                "skewed_info": [],
                "sort_columns": [],
                "stored_as_sub_directories": false
              }
            ],
            "table_type": "EXTERNAL_TABLE",
            "target_table": [],
            "view_expanded_text": "",
            "view_original_text": ""
          },
          "sensitive_attributes": [],
          "private": "bnVsbA==",
          "dependencies": [
            "module.tables.aws_glue_catalog_database.walteraraujo_database_sor",
            "module.tables.aws_s3_bucket.bucket_exemplo"
          ]
        }
      ]
    },
    {
      "module": "module.tables",
      "mode": "managed",
      "type": "aws_glue_catalog_table",
      "name": "tb_categorias",
      "provider": "provider[\"registry.terraform.io/hashicorp/aws\"]",
      "instances": [
        {
          "schema_version": 0,
          "attributes": {
            "arn": "arn:aws:glue:us-east-2:471112636571:table/walter_araujo_database_sor/categorias",
            "catalog_id": "471112636571",
            "database_name": "walter_araujo_database_sor",
            "description": "",
            "id": "471112636571:walter_araujo_database_sor:categorias",
            "name": "categorias",
            "open_table_format_input": [],
            "owner": "",
            "parameters": {
              "classification": "parquet",
              "compressionType": "snappy"
            },
            "partition_index": [],
            "partition_keys": [
              {
                "comment": "",
                "name": "data_ingestao",
                "type": "string"
              }
            ],
            "retention": 0,
            "storage_descriptor": [
              {
                "additional_locations": [],
                "bucket_columns": [],
                "columns": [
                  {
                    "comment": "",
                    "name": "id",
                    "parameters": {},
                    "type": "int"
                  },
                  {
                    "comment": "",
                    "name": "nome",
                    "parameters": {},
                    "type": "string"
                  },
                  {
                    "comment": "",
                    "name": "tipo",
                    "parameters": {},
                    "type": "string"
                  }
                ],
                "compressed": false,
                "input_format": "org.apache.hadoop.hive.ql.io.parquet.MapredParquetInputFormat",
                "location": "s3://walter-araujo-bucket-exemplo/categorias",
                "number_of_buckets": 0,
                "output_format": "org.apache.hadoop.hive.ql.io.parquet.MapredParquetOutputFormat",
                "parameters": {},
                "schema_reference": [],
                "ser_de_info": [
                  {
                    "name": "",
                    "parameters": {},
                    "serialization_library": "org.apache.hadoop.hive.ql.io.parquet.serde.ParquetHiveSerDe"
                  }
                ],
                "skewed_info": [],
                "sort_columns": [],
                "stored_as_sub_directories": false
              }
            ],
            "table_type": "EXTERNAL_TABLE",
            "target_table": [],
            "view_expanded_text": "",
            "view_original_text": ""
          },
          "sensitive_attributes": [],
          "private": "bnVsbA==",
          "dependencies": [
            "module.tables.aws_glue_catalog_database.walteraraujo_database_sor",
            "module.tables.aws_s3_bucket.bucket_exemplo"
          ]
        }
      ]
    },
    {
      "module": "module.tables",
      "mode": "managed",
      "type": "aws_glue_catalog_table",
      "name": "tb_contas",
      "provider": "provider[\"registry.terraform.io/hashicorp/aws\"]",
      "instances": [
        {
          "schema_version": 0,
          "attributes": {
            "arn": "arn:aws:glue:us-east-2:471112636571:table/walter_araujo_database_sor/contas",
            "catalog_id": "471112636571",
            "database_name": "walter_araujo_database_sor",
            "description": "",
            "id": "471112636571:walter_araujo_database_sor:contas",
            "name": "contas",
            "open_table_format_input": [],
            "owner": "",
            "parameters": {
              "classification": "parquet",
              "compressionType": "snappy"
            },
            "partition_index": [],
            "partition_keys": [
              {
                "comment": "",
                "name": "data_ingestao",
                "type": "string"
              }
            ],
            "retention": 0,
            "storage_descriptor": [
              {
                "additional_locations": [],
                "bucket_columns": [],
                "columns": [
                  {
                    "comment": "",
                    "name": "id",
                    "parameters": {},
                    "type": "int"
                  },
                  {
                    "comment": "",
                    "name": "nome",
                    "parameters": {},
                    "type": "string"
                  },
                  {
                    "comment": "",
                    "name": "descricao",
                    "parameters": {},
                    "type": "string"
                  }
                ],
                "compressed": false,
                "input_format": "org.apache.hadoop.hive.ql.io.parquet.MapredParquetInputFormat",
                "location": "s3://walter-araujo-bucket-exemplo/contas",
                "number_of_buckets": 0,
                "output_format": "org.apache.hadoop.hive.ql.io.parquet.MapredParquetOutputFormat",
                "parameters": {},
                "schema_reference": [],
                "ser_de_info": [
                  {
                    "name": "",
                    "parameters": {},
                    "serialization_library": "org.apache.hadoop.hive.ql.io.parquet.serde.ParquetHiveSerDe"
                  }
                ],
                "skewed_info": [],
                "sort_columns": [],
                "stored_as_sub_directories": false
              }
            ],
            "table_type": "EXTERNAL_TABLE",
            "target_table": [],
            "view_expanded_text": "",
            "view_original_text": ""
          },
          "sensitive_attributes": [],
          "private": "bnVsbA==",
          "dependencies": [
            "module.tables.aws_glue_catalog_database.walteraraujo_database_sor",
            "module.tables.aws_s3_bucket.bucket_exemplo"
          ]
        }
      ]
    },
    {
      "module": "module.tables",
      "mode": "managed",
      "type": "aws_glue_catalog_table",
      "name": "tb_sot_financeira",
      "provider": "provider[\"registry.terraform.io/hashicorp/aws\"]",
      "instances": [
        {
          "schema_version": 0,
          "attributes": {
            "arn": "arn:aws:glue:us-east-2:471112636571:table/walter_araujo_database_sot/sot_financeira",
            "catalog_id": "471112636571",
            "database_name": "walter_araujo_database_sot",
            "description": "",
            "id": "471112636571:walter_araujo_database_sot:sot_financeira",
            "name": "sot_financeira",
            "open_table_format_input": [],
            "owner": "",
            "parameters": {
              "classification": "parquet",
              "compressionType": "snappy"
            },
            "partition_index": [],
            "partition_keys": [
              {
                "comment": "",
                "name": "data_ingestao",
                "type": "string"
              }
            ],
            "retention": 0,
            "storage_descriptor": [
              {
                "additional_locations": [],
                "bucket_columns": [],
                "columns": [
                  {
                    "comment": "",
                    "name": "identificador_unico",
                    "parameters": {},
                    "type": "string"
                  },
                  {
                    "comment": "",
                    "name": "transacao_id",
                    "parameters": {},
                    "type": "int"
                  },
                  {
                    "comment": "",
                    "name": "conta_id",
                    "parameters": {},
                    "type": "int"
                  },
                  {
                    "comment": "",
                    "name": "categoria_id",
                    "parameters": {},
                    "type": "int"
                  },
                  {
                    "comment": "",
                    "name": "transacao_data",
                    "parameters": {},
                    "type": "timestamp"
                  },
                  {
                    "comment": "",
                    "name": "transacao_ano",
                    "parameters": {},
                    "type": "int"
                  },
                  {
                    "comment": "",
                    "name": "transacao_mes",
                    "parameters": {},
                    "type": "int"
                  },
                  {
                    "comment": "",
                    "name": "transacao_dia",
                    "parameters": {},
                    "type": "int"
                  },
                  {
                    "comment": "",
                    "name": "transacao_descricao",
                    "parameters": {},
                    "type": "string"
                  },
                  {
                    "comment": "",
                    "name": "transacao_valor",
                    "parameters": {},
                    "type": "string"
                  },
                  {
                    "comment": "",
                    "name": "transacao_data_criacao",
                    "parameters": {},
                    "type": "string"
                  },
                  {
                    "comment": "",
                    "name": "conta_nome",
                    "parameters": {},
                    "type": "string"
                  },
                  {
                    "comment": "",
                    "name": "conta_descricao",
                    "parameters": {},
                    "type": "string"
                  },
                  {
                    "comment": "",
                    "name": "categoria_nome",
                    "parameters": {},
                    "type": "string"
                  },
                  {
                    "comment": "",
                    "name": "categoria_tipo",
                    "parameters": {},
                    "type": "string"
                  },
                  {
                    "comment": "",
                    "name": "taxa_juros_referencia",
                    "parameters": {},
                    "type": "string"
                  },
                  {
                    "comment": "",
                    "name": "taxa_juros_porcentagem",
                    "parameters": {},
                    "type": "string"
                  }
                ],
                "compressed": false,
                "input_format": "org.apache.hadoop.hive.ql.io.parquet.MapredParquetInputFormat",
                "location": "s3://walter-araujo-bucket-exemplo-sot/sot_financeira",
                "number_of_buckets": 0,
                "output_format": "org.apache.hadoop.hive.ql.io.parquet.MapredParquetOutputFormat",
                "parameters": {},
                "schema_reference": [],
                "ser_de_info": [
                  {
                    "name": "",
                    "parameters": {},
                    "serialization_library": "org.apache.hadoop.hive.ql.io.parquet.serde.ParquetHiveSerDe"
                  }
                ],
                "skewed_info": [],
                "sort_columns": [],
                "stored_as_sub_directories": false
              }
            ],
            "table_type": "EXTERNAL_TABLE",
            "target_table": [],
            "view_expanded_text": "",
            "view_original_text": ""
          },
          "sensitive_attributes": [],
          "private": "bnVsbA==",
          "dependencies": [
            "module.tables.aws_glue_catalog_database.walteraraujo_database_sot",
            "module.tables.aws_s3_bucket.bucket_exemplo_sot"
          ]
        }
      ]
    },
    {
      "module": "module.tables",
      "mode": "managed",
      "type": "aws_glue_catalog_table",
      "name": "tb_transacoes",
      "provider": "provider[\"registry.terraform.io/hashicorp/aws\"]",
      "instances": [
        {
          "schema_version": 0,
          "attributes": {
            "arn": "arn:aws:glue:us-east-2:471112636571:table/walter_araujo_database_sor/transacoes",
            "catalog_id": "471112636571",
            "database_name": "walter_araujo_database_sor",
            "description": "",
            "id": "471112636571:walter_araujo_database_sor:transacoes",
            "name": "transacoes",
            "open_table_format_input": [],
            "owner": "",
            "parameters": {
              "classification": "parquet",
              "compressionType": "snappy"
            },
            "partition_index": [],
            "partition_keys": [
              {
                "comment": "",
                "name": "data_ingestao",
                "type": "string"
              }
            ],
            "retention": 0,
            "storage_descriptor": [
              {
                "additional_locations": [],
                "bucket_columns": [],
                "columns": [
                  {
                    "comment": "",
                    "name": "id",
                    "parameters": {},
                    "type": "int"
                  },
                  {
                    "comment": "",
                    "name": "conta_id",
                    "parameters": {},
                    "type": "int"
                  },
                  {
                    "comment": "",
                    "name": "categoria_id",
                    "parameters": {},
                    "type": "int"
                  },
                  {
                    "comment": "",
                    "name": "data",
                    "parameters": {},
                    "type": "string"
                  },
                  {
                    "comment": "",
                    "name": "descricao",
                    "parameters": {},
                    "type": "string"
                  },
                  {
                    "comment": "",
                    "name": "valor",
                    "parameters": {},
                    "type": "string"
                  },
                  {
                    "comment": "",
                    "name": "data_criacao",
                    "parameters": {},
                    "type": "string"
                  }
                ],
                "compressed": false,
                "input_format": "org.apache.hadoop.hive.ql.io.parquet.MapredParquetInputFormat",
                "location": "s3://walter-araujo-bucket-exemplo/transacoes",
                "number_of_buckets": 0,
                "output_format": "org.apache.hadoop.hive.ql.io.parquet.MapredParquetOutputFormat",
                "parameters": {},
                "schema_reference": [],
                "ser_de_info": [
                  {
                    "name": "",
                    "parameters": {},
                    "serialization_library": "org.apache.hadoop.hive.ql.io.parquet.serde.ParquetHiveSerDe"
                  }
                ],
                "skewed_info": [],
                "sort_columns": [],
                "stored_as_sub_directories": false
              }
            ],
            "table_type": "EXTERNAL_TABLE",
            "target_table": [],
            "view_expanded_text": "",
            "view_original_text": ""
          },
          "sensitive_attributes": [],
          "private": "bnVsbA==",
          "dependencies": [
            "module.tables.aws_glue_catalog_database.walteraraujo_database_sor",
            "module.tables.aws_s3_bucket.bucket_exemplo"
          ]
        }
      ]
    },
    {
      "module": "module.tables",
      "mode": "managed",
      "type": "aws_s3_bucket",
      "name": "bucket_exemplo",
      "provider": "provider[\"registry.terraform.io/hashicorp/aws\"]",
      "instances": [
        {
          "schema_version": 0,
          "attributes": {
            "acceleration_status": "",
            "acl": null,
            "arn": "arn:aws:s3:::walter-araujo-bucket-exemplo",
            "bucket": "walter-araujo-bucket-exemplo",
            "bucket_domain_name": "walter-araujo-bucket-exemplo.s3.amazonaws.com",
            "bucket_prefix": "",
            "bucket_regional_domain_name": "walter-araujo-bucket-exemplo.s3.us-east-2.amazonaws.com",
            "cors_rule": [],
            "force_destroy": false,
            "grant": [
              {
                "id": "10a7da646f1ec2874a73c0300f7694b4a0058b840a1dd849ebb7584f9bbb1760",
                "permissions": [
                  "FULL_CONTROL"
                ],
                "type": "CanonicalUser",
                "uri": ""
              }
            ],
            "hosted_zone_id": "Z2O1EMRO9K5GLX",
            "id": "walter-araujo-bucket-exemplo",
            "lifecycle_rule": [],
            "logging": [],
            "object_lock_configuration": [],
            "object_lock_enabled": false,
            "policy": "",
            "region": "us-east-2",
            "replication_configuration": [],
            "request_payer": "BucketOwner",
            "server_side_encryption_configuration": [
              {
                "rule": [
                  {
                    "apply_server_side_encryption_by_default": [
                      {
                        "kms_master_key_id": "",
                        "sse_algorithm": "AES256"
                      }
                    ],
                    "bucket_key_enabled": false
                  }
                ]
              }
            ],
            "tags": {},
            "tags_all": {},
            "timeouts": null,
            "versioning": [
              {
                "enabled": false,
                "mfa_delete": false
              }
            ],
            "website": [],
            "website_domain": null,
            "website_endpoint": null
          },
          "sensitive_attributes": [],
          "private": "eyJlMmJmYjczMC1lY2FhLTExZTYtOGY4OC0zNDM2M2JjN2M0YzAiOnsiY3JlYXRlIjoxMjAwMDAwMDAwMDAwLCJkZWxldGUiOjM2MDAwMDAwMDAwMDAsInJlYWQiOjEyMDAwMDAwMDAwMDAsInVwZGF0ZSI6MTIwMDAwMDAwMDAwMH19"
        }
      ]
    },
    {
      "module": "module.tables",
      "mode": "managed",
      "type": "aws_s3_bucket",
      "name": "bucket_exemplo_sot",
      "provider": "provider[\"registry.terraform.io/hashicorp/aws\"]",
      "instances": [
        {
          "schema_version": 0,
          "attributes": {
            "acceleration_status": "",
            "acl": null,
            "arn": "arn:aws:s3:::walter-araujo-bucket-exemplo-sot",
            "bucket": "walter-araujo-bucket-exemplo-sot",
            "bucket_domain_name": "walter-araujo-bucket-exemplo-sot.s3.amazonaws.com",
            "bucket_prefix": "",
            "bucket_regional_domain_name": "walter-araujo-bucket-exemplo-sot.s3.us-east-2.amazonaws.com",
            "cors_rule": [],
            "force_destroy": false,
            "grant": [
              {
                "id": "10a7da646f1ec2874a73c0300f7694b4a0058b840a1dd849ebb7584f9bbb1760",
                "permissions": [
                  "FULL_CONTROL"
                ],
                "type": "CanonicalUser",
                "uri": ""
              }
            ],
            "hosted_zone_id": "Z2O1EMRO9K5GLX",
            "id": "walter-araujo-bucket-exemplo-sot",
            "lifecycle_rule": [],
            "logging": [],
            "object_lock_configuration": [],
            "object_lock_enabled": false,
            "policy": "",
            "region": "us-east-2",
            "replication_configuration": [],
            "request_payer": "BucketOwner",
            "server_side_encryption_configuration": [
              {
                "rule": [
                  {
                    "apply_server_side_encryption_by_default": [
                      {
                        "kms_master_key_id": "",
                        "sse_algorithm": "AES256"
                      }
                    ],
                    "bucket_key_enabled": false
                  }
                ]
              }
            ],
            "tags": {},
            "tags_all": {},
            "timeouts": null,
            "versioning": [
              {
                "enabled": false,
                "mfa_delete": false
              }
            ],
            "website": [],
            "website_domain": null,
            "website_endpoint": null
          },
          "sensitive_attributes": [],
          "private": "eyJlMmJmYjczMC1lY2FhLTExZTYtOGY4OC0zNDM2M2JjN2M0YzAiOnsiY3JlYXRlIjoxMjAwMDAwMDAwMDAwLCJkZWxldGUiOjM2MDAwMDAwMDAwMDAsInJlYWQiOjEyMDAwMDAwMDAwMDAsInVwZGF0ZSI6MTIwMDAwMDAwMDAwMH19"
        }
      ]
    }
  ],
  "check_results": null
}
